
Microsoft Visual Studio Solution File, Format Version 12.00
# Visual Studio Version 17
VisualStudioVersion = 17.3.32922.545
MinimumVisualStudioVersion = 10.0.40219.1
Project("{FAE04EC0-301F-11D3-BF4B-00C04F79EFBC}") = "PawnGame", "PawnGame.csproj", "{3AA047C5-DAC3-4C54-B480-B69680445E06}"
EndProject
Global
	GlobalSection(SolutionConfigurationPlatforms) = preSolution
		Debug|Any CPU = Debug|Any CPU
		Release|Any CPU = Release|Any CPU
	EndGlobalSection
	GlobalSection(ProjectConfigurationPlatforms) = postSolution
		{3AA047C5-DAC3-4C54-B480-B69680445E06}.Debug|Any CPU.ActiveCfg = Debug|Any CPU
		{3AA047C5-DAC3-4C54-B480-B69680445E06}.Debug|Any CPU.Build.0 = Debug|Any CPU
		{3AA047C5-DAC3-4C54-B480-B69680445E06}.Release|Any CPU.ActiveCfg = Release|Any CPU
		{3AA047C5-DAC3-4C54-B480-B69680445E06}.Release|Any CPU.Build.0 = Release|Any CPU
	EndGlobalSection
	GlobalSection(SolutionProperties) = preSolution
		HideSolutionNode = FALSE
	EndGlobalSection
	GlobalSection(ExtensibilityGlobals) = postSolution
		SolutionGuid = {BB995B17-D7F5-4792-84A2-472F19954D5E}
	EndGlobalSection
EndGlobal
